
Microsoft Visual Studio Solution File, Format Version 12.00
# Visual Studio Version 17
VisualStudioVersion = 17.4.32804.182
MinimumVisualStudioVersion = 10.0.40219.1
Project("{FAE04EC0-301F-11D3-BF4B-00C04F79EFBC}") = "EfcoreMySQLUuidToBinDbFunction", "EfcoreMySQLUuidToBinDbFunction\EfcoreMySQLUuidToBinDbFunction.csproj", "{413E8A71-7CD4-4904-AFDC-B24199EB229E}"
EndProject
Global
	GlobalSection(SolutionConfigurationPlatforms) = preSolution
		Debug|Any CPU = Debug|Any CPU
		Release|Any CPU = Release|Any CPU
	EndGlobalSection
	GlobalSection(ProjectConfigurationPlatforms) = postSolution
		{413E8A71-7CD4-4904-AFDC-B24199EB229E}.Debug|Any CPU.ActiveCfg = Debug|Any CPU
		{413E8A71-7CD4-4904-AFDC-B24199EB229E}.Debug|Any CPU.Build.0 = Debug|Any CPU
		{413E8A71-7CD4-4904-AFDC-B24199EB229E}.Release|Any CPU.ActiveCfg = Release|Any CPU
		{413E8A71-7CD4-4904-AFDC-B24199EB229E}.Release|Any CPU.Build.0 = Release|Any CPU
	EndGlobalSection
	GlobalSection(SolutionProperties) = preSolution
		HideSolutionNode = FALSE
	EndGlobalSection
	GlobalSection(ExtensibilityGlobals) = postSolution
		SolutionGuid = {24BE0056-711A-4CF5-9390-DA0B4E8EDA43}
	EndGlobalSection
EndGlobal
